
Microsoft Visual Studio Solution File, Format Version 12.00
# Visual Studio Version 16
VisualStudioVersion = 16.0.31129.286
MinimumVisualStudioVersion = 10.0.40219.1
Project("{FAE04EC0-301F-11D3-BF4B-00C04F79EFBC}") = "Forshc", "Forshc\Forshc.csproj", "{EBB9A446-7D39-48D4-B8BA-488783E49690}"
EndProject
Global
	GlobalSection(SolutionConfigurationPlatforms) = preSolution
		Debug|Any CPU = Debug|Any CPU
		Release|Any CPU = Release|Any CPU
	EndGlobalSection
	GlobalSection(ProjectConfigurationPlatforms) = postSolution
		{EBB9A446-7D39-48D4-B8BA-488783E49690}.Debug|Any CPU.ActiveCfg = Debug|Any CPU
		{EBB9A446-7D39-48D4-B8BA-488783E49690}.Debug|Any CPU.Build.0 = Debug|Any CPU
		{EBB9A446-7D39-48D4-B8BA-488783E49690}.Release|Any CPU.ActiveCfg = Release|Any CPU
		{EBB9A446-7D39-48D4-B8BA-488783E49690}.Release|Any CPU.Build.0 = Release|Any CPU
	EndGlobalSection
	GlobalSection(SolutionProperties) = preSolution
		HideSolutionNode = FALSE
	EndGlobalSection
	GlobalSection(ExtensibilityGlobals) = postSolution
		SolutionGuid = {81A3C6B5-5118-4B9F-8F2B-B442003C560F}
	EndGlobalSection
EndGlobal
